
Microsoft Visual Studio Solution File, Format Version 12.00
# Visual Studio Version 17
VisualStudioVersion = 17.3.32929.385
MinimumVisualStudioVersion = 10.0.40219.1
Project("{FAE04EC0-301F-11D3-BF4B-00C04F79EFBC}") = "ChatOverlay", "ChatOverlay.csproj", "{BEF080E6-C386-4068-90DB-57456EC8BEBB}"
EndProject
Global
	GlobalSection(SolutionConfigurationPlatforms) = preSolution
		Debug|Any CPU = Debug|Any CPU
		Release|Any CPU = Release|Any CPU
	EndGlobalSection
	GlobalSection(ProjectConfigurationPlatforms) = postSolution
		{BEF080E6-C386-4068-90DB-57456EC8BEBB}.Debug|Any CPU.ActiveCfg = Debug|Any CPU
		{BEF080E6-C386-4068-90DB-57456EC8BEBB}.Debug|Any CPU.Build.0 = Debug|Any CPU
		{BEF080E6-C386-4068-90DB-57456EC8BEBB}.Release|Any CPU.ActiveCfg = Release|Any CPU
		{BEF080E6-C386-4068-90DB-57456EC8BEBB}.Release|Any CPU.Build.0 = Release|Any CPU
	EndGlobalSection
	GlobalSection(SolutionProperties) = preSolution
		HideSolutionNode = FALSE
	EndGlobalSection
	GlobalSection(ExtensibilityGlobals) = postSolution
		SolutionGuid = {4DC96A45-9C47-4BA8-9F20-F98B682238D1}
	EndGlobalSection
EndGlobal
